
Microsoft Visual Studio Solution File, Format Version 12.00
# Visual Studio Version 17
VisualStudioVersion = 17.4.33213.308
MinimumVisualStudioVersion = 10.0.40219.1
Project("{FAE04EC0-301F-11D3-BF4B-00C04F79EFBC}") = "csharp_sample", "csharp_sample\csharp_sample.csproj", "{AE6FB348-032C-4BF5-BFEB-FC7F9F990526}"
EndProject
Global
	GlobalSection(SolutionConfigurationPlatforms) = preSolution
		Debug|Any CPU = Debug|Any CPU
		Release|Any CPU = Release|Any CPU
	EndGlobalSection
	GlobalSection(ProjectConfigurationPlatforms) = postSolution
		{AE6FB348-032C-4BF5-BFEB-FC7F9F990526}.Debug|Any CPU.ActiveCfg = Debug|Any CPU
		{AE6FB348-032C-4BF5-BFEB-FC7F9F990526}.Debug|Any CPU.Build.0 = Debug|Any CPU
		{AE6FB348-032C-4BF5-BFEB-FC7F9F990526}.Release|Any CPU.ActiveCfg = Release|Any CPU
		{AE6FB348-032C-4BF5-BFEB-FC7F9F990526}.Release|Any CPU.Build.0 = Release|Any CPU
	EndGlobalSection
	GlobalSection(SolutionProperties) = preSolution
		HideSolutionNode = FALSE
	EndGlobalSection
	GlobalSection(ExtensibilityGlobals) = postSolution
		SolutionGuid = {B5AA24B0-D5A7-4094-90C8-5AC465241587}
	EndGlobalSection
EndGlobal
